// !$*UTF8*$!
{
	archiveVersion = 1;
	classes = {
	};
	objectVersion = 46;
	objects = {

/* Begin PBXBuildFile section */
		A4023A001F3D4CD7000FC175 /* AppDelegate.swift in Sources */ = {isa = PBXBuildFile; fileRef = A40239FF1F3D4CD7000FC175 /* AppDelegate.swift */; };
		A4023A021F3D4CD7000FC175 /* ViewController.swift in Sources */ = {isa = PBXBuildFile; fileRef = A4023A011F3D4CD7000FC175 /* ViewController.swift */; };
		A4023A051F3D4CD7000FC175 /* Main.storyboard in Resources */ = {isa = PBXBuildFile; fileRef = A4023A031F3D4CD7000FC175 /* Main.storyboard */; };
		A4023A071F3D4CD7000FC175 /* Assets.xcassets in Resources */ = {isa = PBXBuildFile; fileRef = A4023A061F3D4CD7000FC175 /* Assets.xcassets */; };
		A4023A0A1F3D4CD7000FC175 /* LaunchScreen.storyboard in Resources */ = {isa = PBXBuildFile; fileRef = A4023A081F3D4CD7000FC175 /* LaunchScreen.storyboard */; };
		A4023A151F3D4CD8000FC175 /* CalculatorTests.swift in Sources */ = {isa = PBXBuildFile; fileRef = A4023A141F3D4CD8000FC175 /* CalculatorTests.swift */; };
		A4023A201F3D4CD8000FC175 /* CalculatorUITests.swift in Sources */ = {isa = PBXBuildFile; fileRef = A4023A1F1F3D4CD8000FC175 /* CalculatorUITests.swift */; };
		A4023A2F1F3E2BF2000FC175 /* CalculatorModel.swift in Sources */ = {isa = PBXBuildFile; fileRef = A4023A2E1F3E2BF2000FC175 /* CalculatorModel.swift */; };
/* End PBXBuildFile section */

/* Begin PBXContainerItemProxy section */
		A4023A111F3D4CD8000FC175 /* PBXContainerItemProxy */ = {
			isa = PBXContainerItemProxy;
			containerPortal = A40239F41F3D4CD7000FC175 /* Project object */;
			proxyType = 1;
			remoteGlobalIDString = A40239FB1F3D4CD7000FC175;
			remoteInfo = Calculator;
		};
		A4023A1C1F3D4CD8000FC175 /* PBXContainerItemProxy */ = {
			isa = PBXContainerItemProxy;
			containerPortal = A40239F41F3D4CD7000FC175 /* Project object */;
			proxyType = 1;
			remoteGlobalIDString = A40239FB1F3D4CD7000FC175;
			remoteInfo = Calculator;
		};
/* End PBXContainerItemProxy section */

/* Begin PBXFileReference section */
		A40239FC1F3D4CD7000FC175 /* Calculator.app */ = {isa = PBXFileReference; explicitFileType = wrapper.application; includeInIndex = 0; path = Calculator.app; sourceTree = BUILT_PRODUCTS_DIR; };
		A40239FF1F3D4CD7000FC175 /* AppDelegate.swift */ = {isa = PBXFileReference; lastKnownFileType = sourcecode.swift; path = AppDelegate.swift; sourceTree = "<group>"; };
		A4023A011F3D4CD7000FC175 /* ViewController.swift */ = {isa = PBXFileReference; lastKnownFileType = sourcecode.swift; path = ViewController.swift; sourceTree = "<group>"; };
		A4023A041F3D4CD7000FC175 /* Base */ = {isa = PBXFileReference; lastKnownFileType = file.storyboard; name = Base; path = Base.lproj/Main.storyboard; sourceTree = "<group>"; };
		A4023A061F3D4CD7000FC175 /* Assets.xcassets */ = {isa = PBXFileReference; lastKnownFileType = folder.assetcatalog; path = Assets.xcassets; sourceTree = "<group>"; };
		A4023A091F3D4CD7000FC175 /* Base */ = {isa = PBXFileReference; lastKnownFileType = file.storyboard; name = Base; path = Base.lproj/LaunchScreen.storyboard; sourceTree = "<group>"; };
		A4023A0B1F3D4CD7000FC175 /* Info.plist */ = {isa = PBXFileReference; lastKnownFileType = text.plist.xml; path = Info.plist; sourceTree = "<group>"; };
		A4023A101F3D4CD8000FC175 /* CalculatorTests.xctest */ = {isa = PBXFileReference; explicitFileType = wrapper.cfbundle; includeInIndex = 0; path = CalculatorTests.xctest; sourceTree = BUILT_PRODUCTS_DIR; };
		A4023A141F3D4CD8000FC175 /* CalculatorTests.swift */ = {isa = PBXFileReference; lastKnownFileType = sourcecode.swift; path = CalculatorTests.swift; sourceTree = "<group>"; };
		A4023A161F3D4CD8000FC175 /* Info.plist */ = {isa = PBXFileReference; lastKnownFileType = text.plist.xml; path = Info.plist; sourceTree = "<group>"; };
		A4023A1B1F3D4CD8000FC175 /* CalculatorUITests.xctest */ = {isa = PBXFileReference; explicitFileType = wrapper.cfbundle; includeInIndex = 0; path = CalculatorUITests.xctest; sourceTree = BUILT_PRODUCTS_DIR; };
		A4023A1F1F3D4CD8000FC175 /* CalculatorUITests.swift */ = {isa = PBXFileReference; lastKnownFileType = sourcecode.swift; path = CalculatorUITests.swift; sourceTree = "<group>"; };
		A4023A211F3D4CD8000FC175 /* Info.plist */ = {isa = PBXFileReference; lastKnownFileType = text.plist.xml; path = Info.plist; sourceTree = "<group>"; };
		A4023A2E1F3E2BF2000FC175 /* CalculatorModel.swift */ = {isa = PBXFileReference; fileEncoding = 4; lastKnownFileType = sourcecode.swift; path = CalculatorModel.swift; sourceTree = "<group>"; };
/* End PBXFileReference section */

/* Begin PBXFrameworksBuildPhase section */
		A40239F91F3D4CD7000FC175 /* Frameworks */ = {
			isa = PBXFrameworksBuildPhase;
			buildActionMask = 2147483647;
			files = (
			);
			runOnlyForDeploymentPostprocessing = 0;
		};
		A4023A0D1F3D4CD8000FC175 /* Frameworks */ = {
			isa = PBXFrameworksBuildPhase;
			buildActionMask = 2147483647;
			files = (
			);
			runOnlyForDeploymentPostprocessing = 0;
		};
		A4023A181F3D4CD8000FC175 /* Frameworks */ = {
			isa = PBXFrameworksBuildPhase;
			buildActionMask = 2147483647;
			files = (
			);
			runOnlyForDeploymentPostprocessing = 0;
		};
/* End PBXFrameworksBuildPhase section */

/* Begin PBXGroup section */
		A40239F31F3D4CD7000FC175 = {
			isa = PBXGroup;
			children = (
				A40239FE1F3D4CD7000FC175 /* Calculator */,
				A4023A131F3D4CD8000FC175 /* CalculatorTests */,
				A4023A1E1F3D4CD8000FC175 /* CalculatorUITests */,
				A40239FD1F3D4CD7000FC175 /* Products */,
			);
			sourceTree = "<group>";
		};
		A40239FD1F3D4CD7000FC175 /* Products */ = {
			isa = PBXGroup;
			children = (
				A40239FC1F3D4CD7000FC175 /* Calculator.app */,
				A4023A101F3D4CD8000FC175 /* CalculatorTests.xctest */,
				A4023A1B1F3D4CD8000FC175 /* CalculatorUITests.xctest */,
			);
			name = Products;
			sourceTree = "<group>";
		};
		A40239FE1F3D4CD7000FC175 /* Calculator */ = {
			isa = PBXGroup;
			children = (
				A4023A011F3D4CD7000FC175 /* ViewController.swift */,
				A4023A2E1F3E2BF2000FC175 /* CalculatorModel.swift */,
				A4023A031F3D4CD7000FC175 /* Main.storyboard */,
				A4023A2D1F3D4F2C000FC175 /* Supporting Files */,
			);
			path = Calculator;
			sourceTree = "<group>";
		};
		A4023A131F3D4CD8000FC175 /* CalculatorTests */ = {
			isa = PBXGroup;
			children = (
				A4023A141F3D4CD8000FC175 /* CalculatorTests.swift */,
				A4023A161F3D4CD8000FC175 /* Info.plist */,
			);
			path = CalculatorTests;
			sourceTree = "<group>";
		};
		A4023A1E1F3D4CD8000FC175 /* CalculatorUITests */ = {
			isa = PBXGroup;
			children = (
				A4023A1F1F3D4CD8000FC175 /* CalculatorUITests.swift */,
				A4023A211F3D4CD8000FC175 /* Info.plist */,
			);
			path = CalculatorUITests;
			sourceTree = "<group>";
		};
		A4023A2D1F3D4F2C000FC175 /* Supporting Files */ = {
			isa = PBXGroup;
			children = (
				A40239FF1F3D4CD7000FC175 /* AppDelegate.swift */,
				A4023A061F3D4CD7000FC175 /* Assets.xcassets */,
				A4023A081F3D4CD7000FC175 /* LaunchScreen.storyboard */,
				A4023A0B1F3D4CD7000FC175 /* Info.plist */,
			);
			name = "Supporting Files";
			sourceTree = "<group>";
		};
/* End PBXGroup section */

/* Begin PBXNativeTarget section */
		A40239FB1F3D4CD7000FC175 /* Calculator */ = {
			isa = PBXNativeTarget;
			buildConfigurationList = A4023A241F3D4CD8000FC175 /* Build configuration list for PBXNativeTarget "Calculator" */;
			buildPhases = (
				A40239F81F3D4CD7000FC175 /* Sources */,
				A40239F91F3D4CD7000FC175 /* Frameworks */,
				A40239FA1F3D4CD7000FC175 /* Resources */,
			);
			buildRules = (
			);
			dependencies = (
			);
			name = Calculator;
			productName = Calculator;
			productReference = A40239FC1F3D4CD7000FC175 /* Calculator.app */;
			productType = "com.apple.product-type.application";
		};
		A4023A0F1F3D4CD8000FC175 /* CalculatorTests */ = {
			isa = PBXNativeTarget;
			buildConfigurationList = A4023A271F3D4CD8000FC175 /* Build configuration list for PBXNativeTarget "CalculatorTests" */;
			buildPhases = (
				A4023A0C1F3D4CD8000FC175 /* Sources */,
				A4023A0D1F3D4CD8000FC175 /* Frameworks */,
				A4023A0E1F3D4CD8000FC175 /* Resources */,
			);
			buildRules = (
			);
			dependencies = (
				A4023A121F3D4CD8000FC175 /* PBXTargetDependency */,
			);
			name = CalculatorTests;
			productName = CalculatorTests;
			productReference = A4023A101F3D4CD8000FC175 /* CalculatorTests.xctest */;
			productType = "com.apple.product-type.bundle.unit-test";
		};
		A4023A1A1F3D4CD8000FC175 /* CalculatorUITests */ = {
			isa = PBXNativeTarget;
			buildConfigurationList = A4023A2A1F3D4CD8000FC175 /* Build configuration list for PBXNativeTarget "CalculatorUITests" */;
			buildPhases = (
				A4023A171F3D4CD8000FC175 /* Sources */,
				A4023A181F3D4CD8000FC175 /* Frameworks */,
				A4023A191F3D4CD8000FC175 /* Resources */,
			);
			buildRules = (
			);
			dependencies = (
				A4023A1D1F3D4CD8000FC175 /* PBXTargetDependency */,
			);
			name = CalculatorUITests;
			productName = CalculatorUITests;
			productReference = A4023A1B1F3D4CD8000FC175 /* CalculatorUITests.xctest */;
			productType = "com.apple.product-type.bundle.ui-testing";
		};
/* End PBXNativeTarget section */

/* Begin PBXProject section */
		A40239F41F3D4CD7000FC175 /* Project object */ = {
			isa = PBXProject;
			attributes = {
				LastSwiftUpdateCheck = 0830;
				LastUpgradeCheck = 0830;
				ORGANIZATIONNAME = "Mitko Nikolov";
				TargetAttributes = {
					A40239FB1F3D4CD7000FC175 = {
						CreatedOnToolsVersion = 8.3.3;
						DevelopmentTeam = 29GS565N7V;
						ProvisioningStyle = Automatic;
					};
					A4023A0F1F3D4CD8000FC175 = {
						CreatedOnToolsVersion = 8.3.3;
						DevelopmentTeam = 29GS565N7V;
						ProvisioningStyle = Automatic;
						TestTargetID = A40239FB1F3D4CD7000FC175;
					};
					A4023A1A1F3D4CD8000FC175 = {
						CreatedOnToolsVersion = 8.3.3;
						DevelopmentTeam = 29GS565N7V;
						ProvisioningStyle = Automatic;
						TestTargetID = A40239FB1F3D4CD7000FC175;
					};
				};
			};
			buildConfigurationList = A40239F71F3D4CD7000FC175 /* Build configuration list for PBXProject "Calculator" */;
			compatibilityVersion = "Xcode 3.2";
			developmentRegion = English;
			hasScannedForEncodings = 0;
			knownRegions = (
				en,
				Base,
			);
			mainGroup = A40239F31F3D4CD7000FC175;
			productRefGroup = A40239FD1F3D4CD7000FC175 /* Products */;
			projectDirPath = "";
			projectRoot = "";
			targets = (
				A40239FB1F3D4CD7000FC175 /* Calculator */,
				A4023A0F1F3D4CD8000FC175 /* CalculatorTests */,
				A4023A1A1F3D4CD8000FC175 /* CalculatorUITests */,
			);
		};
/* End PBXProject section */

/* Begin PBXResourcesBuildPhase section */
		A40239FA1F3D4CD7000FC175 /* Resources */ = {
			isa = PBXResourcesBuildPhase;
			buildActionMask = 2147483647;
			files = (
				A4023A0A1F3D4CD7000FC175 /* LaunchScreen.storyboard in Resources */,
				A4023A071F3D4CD7000FC175 /* Assets.xcassets in Resources */,
				A4023A051F3D4CD7000FC175 /* Main.storyboard in Resources */,
			);
			runOnlyForDeploymentPostprocessing = 0;
		};
		A4023A0E1F3D4CD8000FC175 /* Resources */ = {
			isa = PBXResourcesBuildPhase;
			buildActionMask = 2147483647;
			files = (
			);
			runOnlyForDeploymentPostprocessing = 0;
		};
		A4023A191F3D4CD8000FC175 /* Resources */ = {
			isa = PBXResourcesBuildPhase;
			buildActionMask = 2147483647;
			files = (
			);
			runOnlyForDeploymentPostprocessing = 0;
		};
/* End PBXResourcesBuildPhase section */

/* Begin PBXSourcesBuildPhase section */
		A40239F81F3D4CD7000FC175 /* Sources */ = {
			isa = PBXSourcesBuildPhase;
			buildActionMask = 2147483647;
			files = (
				A4023A2F1F3E2BF2000FC175 /* CalculatorModel.swift in Sources */,
				A4023A021F3D4CD7000FC175 /* ViewController.swift in Sources */,
				A4023A001F3D4CD7000FC175 /* AppDelegate.swift in Sources */,
			);
			runOnlyForDeploymentPostprocessing = 0;
		};
		A4023A0C1F3D4CD8000FC175 /* Sources */ = {
			isa = PBXSourcesBuildPhase;
			buildActionMask = 2147483647;
			files = (
				A4023A151F3D4CD8000FC175 /* CalculatorTests.swift in Sources */,
			);
			runOnlyForDeploymentPostprocessing = 0;
		};
		A4023A171F3D4CD8000FC175 /* Sources */ = {
			isa = PBXSourcesBuildPhase;
			buildActionMask = 2147483647;
			files = (
				A4023A201F3D4CD8000FC175 /* CalculatorUITests.swift in Sources */,
			);
			runOnlyForDeploymentPostprocessing = 0;
		};
/* End PBXSourcesBuildPhase section */

/* Begin PBXTargetDependency section */
		A4023A121F3D4CD8000FC175 /* PBXTargetDependency */ = {
			isa = PBXTargetDependency;
			target = A40239FB1F3D4CD7000FC175 /* Calculator */;
			targetProxy = A4023A111F3D4CD8000FC175 /* PBXContainerItemProxy */;
		};
		A4023A1D1F3D4CD8000FC175 /* PBXTargetDependency */ = {
			isa = PBXTargetDependency;
			target = A40239FB1F3D4CD7000FC175 /* Calculator */;
			targetProxy = A4023A1C1F3D4CD8000FC175 /* PBXContainerItemProxy */;
		};
/* End PBXTargetDependency section */

/* Begin PBXVariantGroup section */
		A4023A031F3D4CD7000FC175 /* Main.storyboard */ = {
			isa = PBXVariantGroup;
			children = (
				A4023A041F3D4CD7000FC175 /* Base */,
			);
			name = Main.storyboard;
			sourceTree = "<group>";
		};
		A4023A081F3D4CD7000FC175 /* LaunchScreen.storyboard */ = {
			isa = PBXVariantGroup;
			children = (
				A4023A091F3D4CD7000FC175 /* Base */,
			);
			name = LaunchScreen.storyboard;
			sourceTree = "<group>";
		};
/* End PBXVariantGroup section */

/* Begin XCBuildConfiguration section */
		A4023A221F3D4CD8000FC175 /* Debug */ = {
			isa = XCBuildConfiguration;
			buildSettings = {
				ALWAYS_SEARCH_USER_PATHS = NO;
				CLANG_ANALYZER_NONNULL = YES;
				CLANG_ANALYZER_NUMBER_OBJECT_CONVERSION = YES_AGGRESSIVE;
				CLANG_CXX_LANGUAGE_STANDARD = "gnu++0x";
				CLANG_CXX_LIBRARY = "libc++";
				CLANG_ENABLE_MODULES = YES;
				CLANG_ENABLE_OBJC_ARC = YES;
				CLANG_WARN_BOOL_CONVERSION = YES;
				CLANG_WARN_CONSTANT_CONVERSION = YES;
				CLANG_WARN_DIRECT_OBJC_ISA_USAGE = YES_ERROR;
				CLANG_WARN_DOCUMENTATION_COMMENTS = YES;
				CLANG_WARN_EMPTY_BODY = YES;
				CLANG_WARN_ENUM_CONVERSION = YES;
				CLANG_WARN_INFINITE_RECURSION = YES;
				CLANG_WARN_INT_CONVERSION = YES;
				CLANG_WARN_OBJC_ROOT_CLASS = YES_ERROR;
				CLANG_WARN_SUSPICIOUS_MOVE = YES;
				CLANG_WARN_UNREACHABLE_CODE = YES;
				CLANG_WARN__DUPLICATE_METHOD_MATCH = YES;
				"CODE_SIGN_IDENTITY[sdk=iphoneos*]" = "iPhone Developer";
				COPY_PHASE_STRIP = NO;
				DEBUG_INFORMATION_FORMAT = dwarf;
				ENABLE_STRICT_OBJC_MSGSEND = YES;
				ENABLE_TESTABILITY = YES;
				GCC_C_LANGUAGE_STANDARD = gnu99;
				GCC_DYNAMIC_NO_PIC = NO;
				GCC_NO_COMMON_BLOCKS = YES;
				GCC_OPTIMIZATION_LEVEL = 0;
				GCC_PREPROCESSOR_DEFINITIONS = (
					"DEBUG=1",
					"$(inherited)",
				);
				GCC_WARN_64_TO_32_BIT_CONVERSION = YES;
				GCC_WARN_ABOUT_RETURN_TYPE = YES_ERROR;
				GCC_WARN_UNDECLARED_SELECTOR = YES;
				GCC_WARN_UNINITIALIZED_AUTOS = YES_AGGRESSIVE;
				GCC_WARN_UNUSED_FUNCTION = YES;
				GCC_WARN_UNUSED_VARIABLE = YES;
				IPHONEOS_DEPLOYMENT_TARGET = 10.3;
				MTL_ENABLE_DEBUG_INFO = YES;
				ONLY_ACTIVE_ARCH = YES;
				SDKROOT = iphoneos;
				SWIFT_ACTIVE_COMPILATION_CONDITIONS = DEBUG;
				SWIFT_OPTIMIZATION_LEVEL = "-Onone";
				TARGETED_DEVICE_FAMILY = "1,2";
			};
			name = Debug;
		};
		A4023A231F3D4CD8000FC175 /* Release */ = {
			isa = XCBuildConfiguration;
			buildSettings = {
				ALWAYS_SEARCH_USER_PATHS = NO;
				CLANG_ANALYZER_NONNULL = YES;
				CLANG_ANALYZER_NUMBER_OBJECT_CONVERSION = YES_AGGRESSIVE;
				CLANG_CXX_LANGUAGE_STANDARD = "gnu++0x";
				CLANG_CXX_LIBRARY = "libc++";
				CLANG_ENABLE_MODULES = YES;
				CLANG_ENABLE_OBJC_ARC = YES;
				CLANG_WARN_BOOL_CONVERSION = YES;
				CLANG_WARN_CONSTANT_CONVERSION = YES;
				CLANG_WARN_DIRECT_OBJC_ISA_USAGE = YES_ERROR;
				CLANG_WARN_DOCUMENTATION_COMMENTS = YES;
				CLANG_WARN_EMPTY_BODY = YES;
				CLANG_WARN_ENUM_CONVERSION = YES;
				CLANG_WARN_INFINITE_RECURSION = YES;
				CLANG_WARN_INT_CONVERSION = YES;
				CLANG_WARN_OBJC_ROOT_CLASS = YES_ERROR;
				CLANG_WARN_SUSPICIOUS_MOVE = YES;
				CLANG_WARN_UNREACHABLE_CODE = YES;
				CLANG_WARN__DUPLICATE_METHOD_MATCH = YES;
				"CODE_SIGN_IDENTITY[sdk=iphoneos*]" = "iPhone Developer";
				COPY_PHASE_STRIP = NO;
				DEBUG_INFORMATION_FORMAT = "dwarf-with-dsym";
				ENABLE_NS_ASSERTIONS = NO;
				ENABLE_STRICT_OBJC_MSGSEND = YES;
				GCC_C_LANGUAGE_STANDARD = gnu99;
				GCC_NO_COMMON_BLOCKS = YES;
				GCC_WARN_64_TO_32_BIT_CONVERSION = YES;
				GCC_WARN_ABOUT_RETURN_TYPE = YES_ERROR;
				GCC_WARN_UNDECLARED_SELECTOR = YES;
				GCC_WARN_UNINITIALIZED_AUTOS = YES_AGGRESSIVE;
				GCC_WARN_UNUSED_FUNCTION = YES;
				GCC_WARN_UNUSED_VARIABLE = YES;
				IPHONEOS_DEPLOYMENT_TARGET = 10.3;
				MTL_ENABLE_DEBUG_INFO = NO;
				SDKROOT = iphoneos;
				SWIFT_OPTIMIZATION_LEVEL = "-Owholemodule";
				TARGETED_DEVICE_FAMILY = "1,2";
				VALIDATE_PRODUCT = YES;
			};
			name = Release;
		};
		A4023A251F3D4CD8000FC175 /* Debug */ = {
			isa = XCBuildConfiguration;
			buildSettings = {
				ASSETCATALOG_COMPILER_APPICON_NAME = AppIcon;
				DEVELOPMENT_TEAM = 29GS565N7V;
				INFOPLIST_FILE = Calculator/Info.plist;
				LD_RUNPATH_SEARCH_PATHS = "$(inherited) @executable_path/Frameworks";
				PRODUCT_BUNDLE_IDENTIFIER = mitko.Calculator;
				PRODUCT_NAME = "$(TARGET_NAME)";
				SWIFT_VERSION = 3.0;
			};
			name = Debug;
		};
		A4023A261F3D4CD8000FC175 /* Release */ = {
			isa = XCBuildConfiguration;
			buildSettings = {
				ASSETCATALOG_COMPILER_APPICON_NAME = AppIcon;
				DEVELOPMENT_TEAM = 29GS565N7V;
				INFOPLIST_FILE = Calculator/Info.plist;
				LD_RUNPATH_SEARCH_PATHS = "$(inherited) @executable_path/Frameworks";
				PRODUCT_BUNDLE_IDENTIFIER = mitko.Calculator;
				PRODUCT_NAME = "$(TARGET_NAME)";
				SWIFT_VERSION = 3.0;
			};
			name = Release;
		};
		A4023A281F3D4CD8000FC175 /* Debug */ = {
			isa = XCBuildConfiguration;
			buildSettings = {
				ALWAYS_EMBED_SWIFT_STANDARD_LIBRARIES = YES;
				BUNDLE_LOADER = "$(TEST_HOST)";
				DEVELOPMENT_TEAM = 29GS565N7V;
				INFOPLIST_FILE = CalculatorTests/Info.plist;
				LD_RUNPATH_SEARCH_PATHS = "$(inherited) @executable_path/Frameworks @loader_path/Frameworks";
				PRODUCT_BUNDLE_IDENTIFIER = mitko.CalculatorTests;
				PRODUCT_NAME = "$(TARGET_NAME)";
				SWIFT_VERSION = 3.0;
				TEST_HOST = "$(BUILT_PRODUCTS_DIR)/Calculator.app/Calculator";
			};
			name = Debug;
		};
		A4023A291F3D4CD8000FC175 /* Release */ = {
			isa = XCBuildConfiguration;
			buildSettings = {
				ALWAYS_EMBED_SWIFT_STANDARD_LIBRARIES = YES;
				BUNDLE_LOADER = "$(TEST_HOST)";
				DEVELOPMENT_TEAM = 29GS565N7V;
				INFOPLIST_FILE = CalculatorTests/Info.plist;
				LD_RUNPATH_SEARCH_PATHS = "$(inherited) @executable_path/Frameworks @loader_path/Frameworks";
				PRODUCT_BUNDLE_IDENTIFIER = mitko.CalculatorTests;
				PRODUCT_NAME = "$(TARGET_NAME)";
				SWIFT_VERSION = 3.0;
				TEST_HOST = "$(BUILT_PRODUCTS_DIR)/Calculator.app/Calculator";
			};
			name = Release;
		};
		A4023A2B1F3D4CD8000FC175 /* Debug */ = {
			isa = XCBuildConfiguration;
			buildSettings = {
				ALWAYS_EMBED_SWIFT_STANDARD_LIBRARIES = YES;
				DEVELOPMENT_TEAM = 29GS565N7V;
				INFOPLIST_FILE = CalculatorUITests/Info.plist;
				LD_RUNPATH_SEARCH_PATHS = "$(inherited) @executable_path/Frameworks @loader_path/Frameworks";
				PRODUCT_BUNDLE_IDENTIFIER = mitko.CalculatorUITests;
				PRODUCT_NAME = "$(TARGET_NAME)";
				SWIFT_VERSION = 3.0;
				TEST_TARGET_NAME = Calculator;
			};
			name = Debug;
		};
		A4023A2C1F3D4CD8000FC175 /* Release */ = {
			isa = XCBuildConfiguration;
			buildSettings = {
				ALWAYS_EMBED_SWIFT_STANDARD_LIBRARIES = YES;
				DEVELOPMENT_TEAM = 29GS565N7V;
				INFOPLIST_FILE = CalculatorUITests/Info.plist;
				LD_RUNPATH_SEARCH_PATHS = "$(inherited) @executable_path/Frameworks @loader_path/Frameworks";
				PRODUCT_BUNDLE_IDENTIFIER = mitko.CalculatorUITests;
				PRODUCT_NAME = "$(TARGET_NAME)";
				SWIFT_VERSION = 3.0;
				TEST_TARGET_NAME = Calculator;
			};
			name = Release;
		};
/* End XCBuildConfiguration section */

/* Begin XCConfigurationList section */
		A40239F71F3D4CD7000FC175 /* Build configuration list for PBXProject "Calculator" */ = {
			isa = XCConfigurationList;
			buildConfigurations = (
				A4023A221F3D4CD8000FC175 /* Debug */,
				A4023A231F3D4CD8000FC175 /* Release */,
			);
			defaultConfigurationIsVisible = 0;
			defaultConfigurationName = Release;
		};
		A4023A241F3D4CD8000FC175 /* Build configuration list for PBXNativeTarget "Calculator" */ = {
			isa = XCConfigurationList;
			buildConfigurations = (
				A4023A251F3D4CD8000FC175 /* Debug */,
				A4023A261F3D4CD8000FC175 /* Release */,
			);
			defaultConfigurationIsVisible = 0;
		};
		A4023A271F3D4CD8000FC175 /* Build configuration list for PBXNativeTarget "CalculatorTests" */ = {
			isa = XCConfigurationList;
			buildConfigurations = (
				A4023A281F3D4CD8000FC175 /* Debug */,
				A4023A291F3D4CD8000FC175 /* Release */,
			);
			defaultConfigurationIsVisible = 0;
		};
		A4023A2A1F3D4CD8000FC175 /* Build configuration list for PBXNativeTarget "CalculatorUITests" */ = {
			isa = XCConfigurationList;
			buildConfigurations = (
				A4023A2B1F3D4CD8000FC175 /* Debug */,
				A4023A2C1F3D4CD8000FC175 /* Release */,
			);
			defaultConfigurationIsVisible = 0;
		};
/* End XCConfigurationList section */
	};
	rootObject = A40239F41F3D4CD7000FC175 /* Project object */;
}
